
Microsoft Visual Studio Solution File, Format Version 12.00
# Visual Studio 15
VisualStudioVersion = 15.0.26124.0
MinimumVisualStudioVersion = 15.0.26124.0
Project("{2150E333-8FDC-42A3-9474-1A3956D46DE8}") = "lib", "lib", "{4EFE10E0-0612-44E6-B4C7-EC428FC790AE}"
EndProject
Project("{FAE04EC0-301F-11D3-BF4B-00C04F79EFBC}") = "OM.Models", "lib\OM.Models\OM.Models.csproj", "{F61232D6-E990-4E12-92E6-06F345725C7E}"
EndProject
Project("{2150E333-8FDC-42A3-9474-1A3956D46DE8}") = "src", "src", "{1B9F7A93-D095-4C5E-A570-08E79C7F9651}"
EndProject
Project("{FAE04EC0-301F-11D3-BF4B-00C04F79EFBC}") = "OM.Console", "src\OM.Console\OM.Console.csproj", "{4BDA411D-D3B5-4D4F-A52F-8F638C823346}"
EndProject
Project("{FAE04EC0-301F-11D3-BF4B-00C04F79EFBC}") = "OM.Algorithms", "lib\OM.Algorithms\OM.Algorithms.csproj", "{4D03937A-6DF3-44AE-95A0-B6E69F3A30AA}"
EndProject
Global
	GlobalSection(SolutionConfigurationPlatforms) = preSolution
		Debug|Any CPU = Debug|Any CPU
		Debug|x64 = Debug|x64
		Debug|x86 = Debug|x86
		Release|Any CPU = Release|Any CPU
		Release|x64 = Release|x64
		Release|x86 = Release|x86
	EndGlobalSection
	GlobalSection(SolutionProperties) = preSolution
		HideSolutionNode = FALSE
	EndGlobalSection
	GlobalSection(ProjectConfigurationPlatforms) = postSolution
		{F61232D6-E990-4E12-92E6-06F345725C7E}.Debug|Any CPU.ActiveCfg = Debug|Any CPU
		{F61232D6-E990-4E12-92E6-06F345725C7E}.Debug|Any CPU.Build.0 = Debug|Any CPU
		{F61232D6-E990-4E12-92E6-06F345725C7E}.Debug|x64.ActiveCfg = Debug|Any CPU
		{F61232D6-E990-4E12-92E6-06F345725C7E}.Debug|x64.Build.0 = Debug|Any CPU
		{F61232D6-E990-4E12-92E6-06F345725C7E}.Debug|x86.ActiveCfg = Debug|Any CPU
		{F61232D6-E990-4E12-92E6-06F345725C7E}.Debug|x86.Build.0 = Debug|Any CPU
		{F61232D6-E990-4E12-92E6-06F345725C7E}.Release|Any CPU.ActiveCfg = Release|Any CPU
		{F61232D6-E990-4E12-92E6-06F345725C7E}.Release|Any CPU.Build.0 = Release|Any CPU
		{F61232D6-E990-4E12-92E6-06F345725C7E}.Release|x64.ActiveCfg = Release|Any CPU
		{F61232D6-E990-4E12-92E6-06F345725C7E}.Release|x64.Build.0 = Release|Any CPU
		{F61232D6-E990-4E12-92E6-06F345725C7E}.Release|x86.ActiveCfg = Release|Any CPU
		{F61232D6-E990-4E12-92E6-06F345725C7E}.Release|x86.Build.0 = Release|Any CPU
		{4BDA411D-D3B5-4D4F-A52F-8F638C823346}.Debug|Any CPU.ActiveCfg = Debug|Any CPU
		{4BDA411D-D3B5-4D4F-A52F-8F638C823346}.Debug|Any CPU.Build.0 = Debug|Any CPU
		{4BDA411D-D3B5-4D4F-A52F-8F638C823346}.Debug|x64.ActiveCfg = Debug|Any CPU
		{4BDA411D-D3B5-4D4F-A52F-8F638C823346}.Debug|x64.Build.0 = Debug|Any CPU
		{4BDA411D-D3B5-4D4F-A52F-8F638C823346}.Debug|x86.ActiveCfg = Debug|Any CPU
		{4BDA411D-D3B5-4D4F-A52F-8F638C823346}.Debug|x86.Build.0 = Debug|Any CPU
		{4BDA411D-D3B5-4D4F-A52F-8F638C823346}.Release|Any CPU.ActiveCfg = Release|Any CPU
		{4BDA411D-D3B5-4D4F-A52F-8F638C823346}.Release|Any CPU.Build.0 = Release|Any CPU
		{4BDA411D-D3B5-4D4F-A52F-8F638C823346}.Release|x64.ActiveCfg = Release|Any CPU
		{4BDA411D-D3B5-4D4F-A52F-8F638C823346}.Release|x64.Build.0 = Release|Any CPU
		{4BDA411D-D3B5-4D4F-A52F-8F638C823346}.Release|x86.ActiveCfg = Release|Any CPU
		{4BDA411D-D3B5-4D4F-A52F-8F638C823346}.Release|x86.Build.0 = Release|Any CPU
		{4D03937A-6DF3-44AE-95A0-B6E69F3A30AA}.Debug|Any CPU.ActiveCfg = Debug|Any CPU
		{4D03937A-6DF3-44AE-95A0-B6E69F3A30AA}.Debug|Any CPU.Build.0 = Debug|Any CPU
		{4D03937A-6DF3-44AE-95A0-B6E69F3A30AA}.Debug|x64.ActiveCfg = Debug|Any CPU
		{4D03937A-6DF3-44AE-95A0-B6E69F3A30AA}.Debug|x64.Build.0 = Debug|Any CPU
		{4D03937A-6DF3-44AE-95A0-B6E69F3A30AA}.Debug|x86.ActiveCfg = Debug|Any CPU
		{4D03937A-6DF3-44AE-95A0-B6E69F3A30AA}.Debug|x86.Build.0 = Debug|Any CPU
		{4D03937A-6DF3-44AE-95A0-B6E69F3A30AA}.Release|Any CPU.ActiveCfg = Release|Any CPU
		{4D03937A-6DF3-44AE-95A0-B6E69F3A30AA}.Release|Any CPU.Build.0 = Release|Any CPU
		{4D03937A-6DF3-44AE-95A0-B6E69F3A30AA}.Release|x64.ActiveCfg = Release|Any CPU
		{4D03937A-6DF3-44AE-95A0-B6E69F3A30AA}.Release|x64.Build.0 = Release|Any CPU
		{4D03937A-6DF3-44AE-95A0-B6E69F3A30AA}.Release|x86.ActiveCfg = Release|Any CPU
		{4D03937A-6DF3-44AE-95A0-B6E69F3A30AA}.Release|x86.Build.0 = Release|Any CPU
	EndGlobalSection
	GlobalSection(NestedProjects) = preSolution
		{F61232D6-E990-4E12-92E6-06F345725C7E} = {4EFE10E0-0612-44E6-B4C7-EC428FC790AE}
		{4BDA411D-D3B5-4D4F-A52F-8F638C823346} = {1B9F7A93-D095-4C5E-A570-08E79C7F9651}
		{4D03937A-6DF3-44AE-95A0-B6E69F3A30AA} = {4EFE10E0-0612-44E6-B4C7-EC428FC790AE}
	EndGlobalSection
EndGlobal
