
Microsoft Visual Studio Solution File, Format Version 12.00
# Visual Studio 15
VisualStudioVersion = 15.0.26124.0
MinimumVisualStudioVersion = 15.0.26124.0
Project("{2150E333-8FDC-42A3-9474-1A3956D46DE8}") = "src", "src", "{2F8DF4C3-A633-4C91-8F35-40F832645827}"
EndProject
Project("{FAE04EC0-301F-11D3-BF4B-00C04F79EFBC}") = "AOP.Console", "src\AOP.Console\AOP.Console.csproj", "{C00361EE-CF8D-4F30-A396-D024F6BD8D18}"
EndProject
Project("{2150E333-8FDC-42A3-9474-1A3956D46DE8}") = "lib", "lib", "{9691C148-26B3-46F8-8B8F-2A2D317A993C}"
EndProject
Project("{FAE04EC0-301F-11D3-BF4B-00C04F79EFBC}") = "AOP.Sorting.Algorithms", "lib\AOP.Sorting.Algorithms\AOP.Sorting.Algorithms.csproj", "{47BCFAD5-FA71-484F-816E-C2B240B4A00A}"
EndProject
Project("{FAE04EC0-301F-11D3-BF4B-00C04F79EFBC}") = "AOP.Sorting.Abstractions", "lib\AOP.Sorting.Abstractions\AOP.Sorting.Abstractions.csproj", "{064A8194-6773-4A9C-941C-7EC704D0F10E}"
EndProject
Project("{FAE04EC0-301F-11D3-BF4B-00C04F79EFBC}") = "AOP.Sorting.Models", "lib\AOP.Sorting.Models\AOP.Sorting.Models.csproj", "{FE73F681-9A1B-4EFD-9FD6-D88BC5A41189}"
EndProject
Project("{FAE04EC0-301F-11D3-BF4B-00C04F79EFBC}") = "AOP.Sorting.Utils", "lib\AOP.Sorting.Utils\AOP.Sorting.Utils.csproj", "{D70DDE47-4B15-4C45-B404-62E0EEF2F89D}"
EndProject
Global
	GlobalSection(SolutionConfigurationPlatforms) = preSolution
		Debug|Any CPU = Debug|Any CPU
		Debug|x64 = Debug|x64
		Debug|x86 = Debug|x86
		Release|Any CPU = Release|Any CPU
		Release|x64 = Release|x64
		Release|x86 = Release|x86
	EndGlobalSection
	GlobalSection(SolutionProperties) = preSolution
		HideSolutionNode = FALSE
	EndGlobalSection
	GlobalSection(ProjectConfigurationPlatforms) = postSolution
		{C00361EE-CF8D-4F30-A396-D024F6BD8D18}.Debug|Any CPU.ActiveCfg = Debug|Any CPU
		{C00361EE-CF8D-4F30-A396-D024F6BD8D18}.Debug|Any CPU.Build.0 = Debug|Any CPU
		{C00361EE-CF8D-4F30-A396-D024F6BD8D18}.Debug|x64.ActiveCfg = Debug|Any CPU
		{C00361EE-CF8D-4F30-A396-D024F6BD8D18}.Debug|x64.Build.0 = Debug|Any CPU
		{C00361EE-CF8D-4F30-A396-D024F6BD8D18}.Debug|x86.ActiveCfg = Debug|Any CPU
		{C00361EE-CF8D-4F30-A396-D024F6BD8D18}.Debug|x86.Build.0 = Debug|Any CPU
		{C00361EE-CF8D-4F30-A396-D024F6BD8D18}.Release|Any CPU.ActiveCfg = Release|Any CPU
		{C00361EE-CF8D-4F30-A396-D024F6BD8D18}.Release|Any CPU.Build.0 = Release|Any CPU
		{C00361EE-CF8D-4F30-A396-D024F6BD8D18}.Release|x64.ActiveCfg = Release|Any CPU
		{C00361EE-CF8D-4F30-A396-D024F6BD8D18}.Release|x64.Build.0 = Release|Any CPU
		{C00361EE-CF8D-4F30-A396-D024F6BD8D18}.Release|x86.ActiveCfg = Release|Any CPU
		{C00361EE-CF8D-4F30-A396-D024F6BD8D18}.Release|x86.Build.0 = Release|Any CPU
		{47BCFAD5-FA71-484F-816E-C2B240B4A00A}.Debug|Any CPU.ActiveCfg = Debug|Any CPU
		{47BCFAD5-FA71-484F-816E-C2B240B4A00A}.Debug|Any CPU.Build.0 = Debug|Any CPU
		{47BCFAD5-FA71-484F-816E-C2B240B4A00A}.Debug|x64.ActiveCfg = Debug|Any CPU
		{47BCFAD5-FA71-484F-816E-C2B240B4A00A}.Debug|x64.Build.0 = Debug|Any CPU
		{47BCFAD5-FA71-484F-816E-C2B240B4A00A}.Debug|x86.ActiveCfg = Debug|Any CPU
		{47BCFAD5-FA71-484F-816E-C2B240B4A00A}.Debug|x86.Build.0 = Debug|Any CPU
		{47BCFAD5-FA71-484F-816E-C2B240B4A00A}.Release|Any CPU.ActiveCfg = Release|Any CPU
		{47BCFAD5-FA71-484F-816E-C2B240B4A00A}.Release|Any CPU.Build.0 = Release|Any CPU
		{47BCFAD5-FA71-484F-816E-C2B240B4A00A}.Release|x64.ActiveCfg = Release|Any CPU
		{47BCFAD5-FA71-484F-816E-C2B240B4A00A}.Release|x64.Build.0 = Release|Any CPU
		{47BCFAD5-FA71-484F-816E-C2B240B4A00A}.Release|x86.ActiveCfg = Release|Any CPU
		{47BCFAD5-FA71-484F-816E-C2B240B4A00A}.Release|x86.Build.0 = Release|Any CPU
		{064A8194-6773-4A9C-941C-7EC704D0F10E}.Debug|Any CPU.ActiveCfg = Debug|Any CPU
		{064A8194-6773-4A9C-941C-7EC704D0F10E}.Debug|Any CPU.Build.0 = Debug|Any CPU
		{064A8194-6773-4A9C-941C-7EC704D0F10E}.Debug|x64.ActiveCfg = Debug|Any CPU
		{064A8194-6773-4A9C-941C-7EC704D0F10E}.Debug|x64.Build.0 = Debug|Any CPU
		{064A8194-6773-4A9C-941C-7EC704D0F10E}.Debug|x86.ActiveCfg = Debug|Any CPU
		{064A8194-6773-4A9C-941C-7EC704D0F10E}.Debug|x86.Build.0 = Debug|Any CPU
		{064A8194-6773-4A9C-941C-7EC704D0F10E}.Release|Any CPU.ActiveCfg = Release|Any CPU
		{064A8194-6773-4A9C-941C-7EC704D0F10E}.Release|Any CPU.Build.0 = Release|Any CPU
		{064A8194-6773-4A9C-941C-7EC704D0F10E}.Release|x64.ActiveCfg = Release|Any CPU
		{064A8194-6773-4A9C-941C-7EC704D0F10E}.Release|x64.Build.0 = Release|Any CPU
		{064A8194-6773-4A9C-941C-7EC704D0F10E}.Release|x86.ActiveCfg = Release|Any CPU
		{064A8194-6773-4A9C-941C-7EC704D0F10E}.Release|x86.Build.0 = Release|Any CPU
		{FE73F681-9A1B-4EFD-9FD6-D88BC5A41189}.Debug|Any CPU.ActiveCfg = Debug|Any CPU
		{FE73F681-9A1B-4EFD-9FD6-D88BC5A41189}.Debug|Any CPU.Build.0 = Debug|Any CPU
		{FE73F681-9A1B-4EFD-9FD6-D88BC5A41189}.Debug|x64.ActiveCfg = Debug|Any CPU
		{FE73F681-9A1B-4EFD-9FD6-D88BC5A41189}.Debug|x64.Build.0 = Debug|Any CPU
		{FE73F681-9A1B-4EFD-9FD6-D88BC5A41189}.Debug|x86.ActiveCfg = Debug|Any CPU
		{FE73F681-9A1B-4EFD-9FD6-D88BC5A41189}.Debug|x86.Build.0 = Debug|Any CPU
		{FE73F681-9A1B-4EFD-9FD6-D88BC5A41189}.Release|Any CPU.ActiveCfg = Release|Any CPU
		{FE73F681-9A1B-4EFD-9FD6-D88BC5A41189}.Release|Any CPU.Build.0 = Release|Any CPU
		{FE73F681-9A1B-4EFD-9FD6-D88BC5A41189}.Release|x64.ActiveCfg = Release|Any CPU
		{FE73F681-9A1B-4EFD-9FD6-D88BC5A41189}.Release|x64.Build.0 = Release|Any CPU
		{FE73F681-9A1B-4EFD-9FD6-D88BC5A41189}.Release|x86.ActiveCfg = Release|Any CPU
		{FE73F681-9A1B-4EFD-9FD6-D88BC5A41189}.Release|x86.Build.0 = Release|Any CPU
		{D70DDE47-4B15-4C45-B404-62E0EEF2F89D}.Debug|Any CPU.ActiveCfg = Debug|Any CPU
		{D70DDE47-4B15-4C45-B404-62E0EEF2F89D}.Debug|Any CPU.Build.0 = Debug|Any CPU
		{D70DDE47-4B15-4C45-B404-62E0EEF2F89D}.Debug|x64.ActiveCfg = Debug|Any CPU
		{D70DDE47-4B15-4C45-B404-62E0EEF2F89D}.Debug|x64.Build.0 = Debug|Any CPU
		{D70DDE47-4B15-4C45-B404-62E0EEF2F89D}.Debug|x86.ActiveCfg = Debug|Any CPU
		{D70DDE47-4B15-4C45-B404-62E0EEF2F89D}.Debug|x86.Build.0 = Debug|Any CPU
		{D70DDE47-4B15-4C45-B404-62E0EEF2F89D}.Release|Any CPU.ActiveCfg = Release|Any CPU
		{D70DDE47-4B15-4C45-B404-62E0EEF2F89D}.Release|Any CPU.Build.0 = Release|Any CPU
		{D70DDE47-4B15-4C45-B404-62E0EEF2F89D}.Release|x64.ActiveCfg = Release|Any CPU
		{D70DDE47-4B15-4C45-B404-62E0EEF2F89D}.Release|x64.Build.0 = Release|Any CPU
		{D70DDE47-4B15-4C45-B404-62E0EEF2F89D}.Release|x86.ActiveCfg = Release|Any CPU
		{D70DDE47-4B15-4C45-B404-62E0EEF2F89D}.Release|x86.Build.0 = Release|Any CPU
	EndGlobalSection
	GlobalSection(NestedProjects) = preSolution
		{C00361EE-CF8D-4F30-A396-D024F6BD8D18} = {2F8DF4C3-A633-4C91-8F35-40F832645827}
		{47BCFAD5-FA71-484F-816E-C2B240B4A00A} = {9691C148-26B3-46F8-8B8F-2A2D317A993C}
		{064A8194-6773-4A9C-941C-7EC704D0F10E} = {9691C148-26B3-46F8-8B8F-2A2D317A993C}
		{FE73F681-9A1B-4EFD-9FD6-D88BC5A41189} = {9691C148-26B3-46F8-8B8F-2A2D317A993C}
		{D70DDE47-4B15-4C45-B404-62E0EEF2F89D} = {9691C148-26B3-46F8-8B8F-2A2D317A993C}
	EndGlobalSection
EndGlobal
